
Microsoft Visual Studio Solution File, Format Version 12.00
# Visual Studio 15
VisualStudioVersion = 15.0.28307.572
MinimumVisualStudioVersion = 10.0.40219.1
Project("{FAE04EC0-301F-11D3-BF4B-00C04F79EFBC}") = "XamPrac.Android", "XamPrac\XamPrac.Android\XamPrac.Android.csproj", "{A9016DFE-0031-432B-AE79-8945E5E42724}"
EndProject
Project("{FAE04EC0-301F-11D3-BF4B-00C04F79EFBC}") = "XamPrac.iOS", "XamPrac\XamPrac.iOS\XamPrac.iOS.csproj", "{E472C3E5-AFC0-4D62-86DE-19B258D65CA7}"
EndProject
Project("{FAE04EC0-301F-11D3-BF4B-00C04F79EFBC}") = "XamPrac.UWP", "XamPrac\XamPrac.UWP\XamPrac.UWP.csproj", "{12750479-0054-4CA7-BE5C-50B590FCEF01}"
EndProject
Project("{9A19103F-16F7-4668-BE54-9A1E7A4F7556}") = "XamPrac", "XamPrac\XamPrac\XamPrac.csproj", "{F4B6B688-3DFB-4EA1-A146-7F36C2F64EDC}"
EndProject
Global
	GlobalSection(SolutionConfigurationPlatforms) = preSolution
		Ad-Hoc|Any CPU = Ad-Hoc|Any CPU
		Ad-Hoc|ARM = Ad-Hoc|ARM
		Ad-Hoc|iPhone = Ad-Hoc|iPhone
		Ad-Hoc|iPhoneSimulator = Ad-Hoc|iPhoneSimulator
		Ad-Hoc|x64 = Ad-Hoc|x64
		Ad-Hoc|x86 = Ad-Hoc|x86
		AppStore|Any CPU = AppStore|Any CPU
		AppStore|ARM = AppStore|ARM
		AppStore|iPhone = AppStore|iPhone
		AppStore|iPhoneSimulator = AppStore|iPhoneSimulator
		AppStore|x64 = AppStore|x64
		AppStore|x86 = AppStore|x86
		Debug|Any CPU = Debug|Any CPU
		Debug|ARM = Debug|ARM
		Debug|iPhone = Debug|iPhone
		Debug|iPhoneSimulator = Debug|iPhoneSimulator
		Debug|x64 = Debug|x64
		Debug|x86 = Debug|x86
		Release|Any CPU = Release|Any CPU
		Release|ARM = Release|ARM
		Release|iPhone = Release|iPhone
		Release|iPhoneSimulator = Release|iPhoneSimulator
		Release|x64 = Release|x64
		Release|x86 = Release|x86
	EndGlobalSection
	GlobalSection(ProjectConfigurationPlatforms) = postSolution
		{A9016DFE-0031-432B-AE79-8945E5E42724}.Ad-Hoc|Any CPU.ActiveCfg = Release|Any CPU
		{A9016DFE-0031-432B-AE79-8945E5E42724}.Ad-Hoc|Any CPU.Build.0 = Release|Any CPU
		{A9016DFE-0031-432B-AE79-8945E5E42724}.Ad-Hoc|Any CPU.Deploy.0 = Release|Any CPU
		{A9016DFE-0031-432B-AE79-8945E5E42724}.Ad-Hoc|ARM.ActiveCfg = Release|Any CPU
		{A9016DFE-0031-432B-AE79-8945E5E42724}.Ad-Hoc|ARM.Build.0 = Release|Any CPU
		{A9016DFE-0031-432B-AE79-8945E5E42724}.Ad-Hoc|ARM.Deploy.0 = Release|Any CPU
		{A9016DFE-0031-432B-AE79-8945E5E42724}.Ad-Hoc|iPhone.ActiveCfg = Release|Any CPU
		{A9016DFE-0031-432B-AE79-8945E5E42724}.Ad-Hoc|iPhone.Build.0 = Release|Any CPU
		{A9016DFE-0031-432B-AE79-8945E5E42724}.Ad-Hoc|iPhone.Deploy.0 = Release|Any CPU
		{A9016DFE-0031-432B-AE79-8945E5E42724}.Ad-Hoc|iPhoneSimulator.ActiveCfg = Release|Any CPU
		{A9016DFE-0031-432B-AE79-8945E5E42724}.Ad-Hoc|iPhoneSimulator.Build.0 = Release|Any CPU
		{A9016DFE-0031-432B-AE79-8945E5E42724}.Ad-Hoc|iPhoneSimulator.Deploy.0 = Release|Any CPU
		{A9016DFE-0031-432B-AE79-8945E5E42724}.Ad-Hoc|x64.ActiveCfg = Release|Any CPU
		{A9016DFE-0031-432B-AE79-8945E5E42724}.Ad-Hoc|x64.Build.0 = Release|Any CPU
		{A9016DFE-0031-432B-AE79-8945E5E42724}.Ad-Hoc|x64.Deploy.0 = Release|Any CPU
		{A9016DFE-0031-432B-AE79-8945E5E42724}.Ad-Hoc|x86.ActiveCfg = Release|Any CPU
		{A9016DFE-0031-432B-AE79-8945E5E42724}.Ad-Hoc|x86.Build.0 = Release|Any CPU
		{A9016DFE-0031-432B-AE79-8945E5E42724}.Ad-Hoc|x86.Deploy.0 = Release|Any CPU
		{A9016DFE-0031-432B-AE79-8945E5E42724}.AppStore|Any CPU.ActiveCfg = Release|Any CPU
		{A9016DFE-0031-432B-AE79-8945E5E42724}.AppStore|Any CPU.Build.0 = Release|Any CPU
		{A9016DFE-0031-432B-AE79-8945E5E42724}.AppStore|Any CPU.Deploy.0 = Release|Any CPU
		{A9016DFE-0031-432B-AE79-8945E5E42724}.AppStore|ARM.ActiveCfg = Release|Any CPU
		{A9016DFE-0031-432B-AE79-8945E5E42724}.AppStore|ARM.Build.0 = Release|Any CPU
		{A9016DFE-0031-432B-AE79-8945E5E42724}.AppStore|ARM.Deploy.0 = Release|Any CPU
		{A9016DFE-0031-432B-AE79-8945E5E42724}.AppStore|iPhone.ActiveCfg = Release|Any CPU
		{A9016DFE-0031-432B-AE79-8945E5E42724}.AppStore|iPhone.Build.0 = Release|Any CPU
		{A9016DFE-0031-432B-AE79-8945E5E42724}.AppStore|iPhone.Deploy.0 = Release|Any CPU
		{A9016DFE-0031-432B-AE79-8945E5E42724}.AppStore|iPhoneSimulator.ActiveCfg = Release|Any CPU
		{A9016DFE-0031-432B-AE79-8945E5E42724}.AppStore|iPhoneSimulator.Build.0 = Release|Any CPU
		{A9016DFE-0031-432B-AE79-8945E5E42724}.AppStore|iPhoneSimulator.Deploy.0 = Release|Any CPU
		{A9016DFE-0031-432B-AE79-8945E5E42724}.AppStore|x64.ActiveCfg = Release|Any CPU
		{A9016DFE-0031-432B-AE79-8945E5E42724}.AppStore|x64.Build.0 = Release|Any CPU
		{A9016DFE-0031-432B-AE79-8945E5E42724}.AppStore|x64.Deploy.0 = Release|Any CPU
		{A9016DFE-0031-432B-AE79-8945E5E42724}.AppStore|x86.ActiveCfg = Release|Any CPU
		{A9016DFE-0031-432B-AE79-8945E5E42724}.AppStore|x86.Build.0 = Release|Any CPU
		{A9016DFE-0031-432B-AE79-8945E5E42724}.AppStore|x86.Deploy.0 = Release|Any CPU
		{A9016DFE-0031-432B-AE79-8945E5E42724}.Debug|Any CPU.ActiveCfg = Debug|Any CPU
		{A9016DFE-0031-432B-AE79-8945E5E42724}.Debug|Any CPU.Build.0 = Debug|Any CPU
		{A9016DFE-0031-432B-AE79-8945E5E42724}.Debug|Any CPU.Deploy.0 = Debug|Any CPU
		{A9016DFE-0031-432B-AE79-8945E5E42724}.Debug|ARM.ActiveCfg = Debug|Any CPU
		{A9016DFE-0031-432B-AE79-8945E5E42724}.Debug|ARM.Build.0 = Debug|Any CPU
		{A9016DFE-0031-432B-AE79-8945E5E42724}.Debug|ARM.Deploy.0 = Debug|Any CPU
		{A9016DFE-0031-432B-AE79-8945E5E42724}.Debug|iPhone.ActiveCfg = Debug|Any CPU
		{A9016DFE-0031-432B-AE79-8945E5E42724}.Debug|iPhone.Build.0 = Debug|Any CPU
		{A9016DFE-0031-432B-AE79-8945E5E42724}.Debug|iPhone.Deploy.0 = Debug|Any CPU
		{A9016DFE-0031-432B-AE79-8945E5E42724}.Debug|iPhoneSimulator.ActiveCfg = Debug|Any CPU
		{A9016DFE-0031-432B-AE79-8945E5E42724}.Debug|iPhoneSimulator.Build.0 = Debug|Any CPU
		{A9016DFE-0031-432B-AE79-8945E5E42724}.Debug|iPhoneSimulator.Deploy.0 = Debug|Any CPU
		{A9016DFE-0031-432B-AE79-8945E5E42724}.Debug|x64.ActiveCfg = Debug|Any CPU
		{A9016DFE-0031-432B-AE79-8945E5E42724}.Debug|x64.Build.0 = Debug|Any CPU
		{A9016DFE-0031-432B-AE79-8945E5E42724}.Debug|x64.Deploy.0 = Debug|Any CPU
		{A9016DFE-0031-432B-AE79-8945E5E42724}.Debug|x86.ActiveCfg = Debug|Any CPU
		{A9016DFE-0031-432B-AE79-8945E5E42724}.Debug|x86.Build.0 = Debug|Any CPU
		{A9016DFE-0031-432B-AE79-8945E5E42724}.Debug|x86.Deploy.0 = Debug|Any CPU
		{A9016DFE-0031-432B-AE79-8945E5E42724}.Release|Any CPU.ActiveCfg = Release|Any CPU
		{A9016DFE-0031-432B-AE79-8945E5E42724}.Release|Any CPU.Build.0 = Release|Any CPU
		{A9016DFE-0031-432B-AE79-8945E5E42724}.Release|Any CPU.Deploy.0 = Release|Any CPU
		{A9016DFE-0031-432B-AE79-8945E5E42724}.Release|ARM.ActiveCfg = Release|Any CPU
		{A9016DFE-0031-432B-AE79-8945E5E42724}.Release|ARM.Build.0 = Release|Any CPU
		{A9016DFE-0031-432B-AE79-8945E5E42724}.Release|ARM.Deploy.0 = Release|Any CPU
		{A9016DFE-0031-432B-AE79-8945E5E42724}.Release|iPhone.ActiveCfg = Release|Any CPU
		{A9016DFE-0031-432B-AE79-8945E5E42724}.Release|iPhone.Build.0 = Release|Any CPU
		{A9016DFE-0031-432B-AE79-8945E5E42724}.Release|iPhone.Deploy.0 = Release|Any CPU
		{A9016DFE-0031-432B-AE79-8945E5E42724}.Release|iPhoneSimulator.ActiveCfg = Release|Any CPU
		{A9016DFE-0031-432B-AE79-8945E5E42724}.Release|iPhoneSimulator.Build.0 = Release|Any CPU
		{A9016DFE-0031-432B-AE79-8945E5E42724}.Release|iPhoneSimulator.Deploy.0 = Release|Any CPU
		{A9016DFE-0031-432B-AE79-8945E5E42724}.Release|x64.ActiveCfg = Release|Any CPU
		{A9016DFE-0031-432B-AE79-8945E5E42724}.Release|x64.Build.0 = Release|Any CPU
		{A9016DFE-0031-432B-AE79-8945E5E42724}.Release|x64.Deploy.0 = Release|Any CPU
		{A9016DFE-0031-432B-AE79-8945E5E42724}.Release|x86.ActiveCfg = Release|Any CPU
		{A9016DFE-0031-432B-AE79-8945E5E42724}.Release|x86.Build.0 = Release|Any CPU
		{A9016DFE-0031-432B-AE79-8945E5E42724}.Release|x86.Deploy.0 = Release|Any CPU
		{E472C3E5-AFC0-4D62-86DE-19B258D65CA7}.Ad-Hoc|Any CPU.ActiveCfg = Ad-Hoc|iPhone
		{E472C3E5-AFC0-4D62-86DE-19B258D65CA7}.Ad-Hoc|Any CPU.Build.0 = Ad-Hoc|iPhone
		{E472C3E5-AFC0-4D62-86DE-19B258D65CA7}.Ad-Hoc|Any CPU.Deploy.0 = Ad-Hoc|iPhone
		{E472C3E5-AFC0-4D62-86DE-19B258D65CA7}.Ad-Hoc|ARM.ActiveCfg = Ad-Hoc|iPhone
		{E472C3E5-AFC0-4D62-86DE-19B258D65CA7}.Ad-Hoc|ARM.Build.0 = Ad-Hoc|iPhone
		{E472C3E5-AFC0-4D62-86DE-19B258D65CA7}.Ad-Hoc|ARM.Deploy.0 = Ad-Hoc|iPhone
		{E472C3E5-AFC0-4D62-86DE-19B258D65CA7}.Ad-Hoc|iPhone.ActiveCfg = Ad-Hoc|iPhone
		{E472C3E5-AFC0-4D62-86DE-19B258D65CA7}.Ad-Hoc|iPhone.Build.0 = Ad-Hoc|iPhone
		{E472C3E5-AFC0-4D62-86DE-19B258D65CA7}.Ad-Hoc|iPhone.Deploy.0 = Ad-Hoc|iPhone
		{E472C3E5-AFC0-4D62-86DE-19B258D65CA7}.Ad-Hoc|iPhoneSimulator.ActiveCfg = Ad-Hoc|iPhoneSimulator
		{E472C3E5-AFC0-4D62-86DE-19B258D65CA7}.Ad-Hoc|iPhoneSimulator.Build.0 = Ad-Hoc|iPhoneSimulator
		{E472C3E5-AFC0-4D62-86DE-19B258D65CA7}.Ad-Hoc|iPhoneSimulator.Deploy.0 = Ad-Hoc|iPhoneSimulator
		{E472C3E5-AFC0-4D62-86DE-19B258D65CA7}.Ad-Hoc|x64.ActiveCfg = Ad-Hoc|iPhone
		{E472C3E5-AFC0-4D62-86DE-19B258D65CA7}.Ad-Hoc|x64.Build.0 = Ad-Hoc|iPhone
		{E472C3E5-AFC0-4D62-86DE-19B258D65CA7}.Ad-Hoc|x64.Deploy.0 = Ad-Hoc|iPhone
		{E472C3E5-AFC0-4D62-86DE-19B258D65CA7}.Ad-Hoc|x86.ActiveCfg = Ad-Hoc|iPhone
		{E472C3E5-AFC0-4D62-86DE-19B258D65CA7}.Ad-Hoc|x86.Build.0 = Ad-Hoc|iPhone
		{E472C3E5-AFC0-4D62-86DE-19B258D65CA7}.Ad-Hoc|x86.Deploy.0 = Ad-Hoc|iPhone
		{E472C3E5-AFC0-4D62-86DE-19B258D65CA7}.AppStore|Any CPU.ActiveCfg = AppStore|iPhone
		{E472C3E5-AFC0-4D62-86DE-19B258D65CA7}.AppStore|Any CPU.Build.0 = AppStore|iPhone
		{E472C3E5-AFC0-4D62-86DE-19B258D65CA7}.AppStore|Any CPU.Deploy.0 = AppStore|iPhone
		{E472C3E5-AFC0-4D62-86DE-19B258D65CA7}.AppStore|ARM.ActiveCfg = AppStore|iPhone
		{E472C3E5-AFC0-4D62-86DE-19B258D65CA7}.AppStore|ARM.Build.0 = AppStore|iPhone
		{E472C3E5-AFC0-4D62-86DE-19B258D65CA7}.AppStore|ARM.Deploy.0 = AppStore|iPhone
		{E472C3E5-AFC0-4D62-86DE-19B258D65CA7}.AppStore|iPhone.ActiveCfg = AppStore|iPhone
		{E472C3E5-AFC0-4D62-86DE-19B258D65CA7}.AppStore|iPhone.Build.0 = AppStore|iPhone
		{E472C3E5-AFC0-4D62-86DE-19B258D65CA7}.AppStore|iPhone.Deploy.0 = AppStore|iPhone
		{E472C3E5-AFC0-4D62-86DE-19B258D65CA7}.AppStore|iPhoneSimulator.ActiveCfg = AppStore|iPhoneSimulator
		{E472C3E5-AFC0-4D62-86DE-19B258D65CA7}.AppStore|iPhoneSimulator.Build.0 = AppStore|iPhoneSimulator
		{E472C3E5-AFC0-4D62-86DE-19B258D65CA7}.AppStore|iPhoneSimulator.Deploy.0 = AppStore|iPhoneSimulator
		{E472C3E5-AFC0-4D62-86DE-19B258D65CA7}.AppStore|x64.ActiveCfg = AppStore|iPhone
		{E472C3E5-AFC0-4D62-86DE-19B258D65CA7}.AppStore|x64.Build.0 = AppStore|iPhone
		{E472C3E5-AFC0-4D62-86DE-19B258D65CA7}.AppStore|x64.Deploy.0 = AppStore|iPhone
		{E472C3E5-AFC0-4D62-86DE-19B258D65CA7}.AppStore|x86.ActiveCfg = AppStore|iPhone
		{E472C3E5-AFC0-4D62-86DE-19B258D65CA7}.AppStore|x86.Build.0 = AppStore|iPhone
		{E472C3E5-AFC0-4D62-86DE-19B258D65CA7}.AppStore|x86.Deploy.0 = AppStore|iPhone
		{E472C3E5-AFC0-4D62-86DE-19B258D65CA7}.Debug|Any CPU.ActiveCfg = Debug|iPhoneSimulator
		{E472C3E5-AFC0-4D62-86DE-19B258D65CA7}.Debug|Any CPU.Build.0 = Debug|iPhoneSimulator
		{E472C3E5-AFC0-4D62-86DE-19B258D65CA7}.Debug|Any CPU.Deploy.0 = Debug|iPhoneSimulator
		{E472C3E5-AFC0-4D62-86DE-19B258D65CA7}.Debug|ARM.ActiveCfg = Debug|iPhone
		{E472C3E5-AFC0-4D62-86DE-19B258D65CA7}.Debug|ARM.Build.0 = Debug|iPhone
		{E472C3E5-AFC0-4D62-86DE-19B258D65CA7}.Debug|ARM.Deploy.0 = Debug|iPhone
		{E472C3E5-AFC0-4D62-86DE-19B258D65CA7}.Debug|iPhone.ActiveCfg = Debug|iPhone
		{E472C3E5-AFC0-4D62-86DE-19B258D65CA7}.Debug|iPhone.Build.0 = Debug|iPhone
		{E472C3E5-AFC0-4D62-86DE-19B258D65CA7}.Debug|iPhone.Deploy.0 = Debug|iPhone
		{E472C3E5-AFC0-4D62-86DE-19B258D65CA7}.Debug|iPhoneSimulator.ActiveCfg = Debug|iPhoneSimulator
		{E472C3E5-AFC0-4D62-86DE-19B258D65CA7}.Debug|iPhoneSimulator.Build.0 = Debug|iPhoneSimulator
		{E472C3E5-AFC0-4D62-86DE-19B258D65CA7}.Debug|iPhoneSimulator.Deploy.0 = Debug|iPhoneSimulator
		{E472C3E5-AFC0-4D62-86DE-19B258D65CA7}.Debug|x64.ActiveCfg = Debug|iPhone
		{E472C3E5-AFC0-4D62-86DE-19B258D65CA7}.Debug|x64.Build.0 = Debug|iPhone
		{E472C3E5-AFC0-4D62-86DE-19B258D65CA7}.Debug|x64.Deploy.0 = Debug|iPhone
		{E472C3E5-AFC0-4D62-86DE-19B258D65CA7}.Debug|x86.ActiveCfg = Debug|iPhone
		{E472C3E5-AFC0-4D62-86DE-19B258D65CA7}.Debug|x86.Build.0 = Debug|iPhone
		{E472C3E5-AFC0-4D62-86DE-19B258D65CA7}.Debug|x86.Deploy.0 = Debug|iPhone
		{E472C3E5-AFC0-4D62-86DE-19B258D65CA7}.Release|Any CPU.ActiveCfg = Release|iPhone
		{E472C3E5-AFC0-4D62-86DE-19B258D65CA7}.Release|Any CPU.Build.0 = Release|iPhone
		{E472C3E5-AFC0-4D62-86DE-19B258D65CA7}.Release|Any CPU.Deploy.0 = Release|iPhone
		{E472C3E5-AFC0-4D62-86DE-19B258D65CA7}.Release|ARM.ActiveCfg = Release|iPhone
		{E472C3E5-AFC0-4D62-86DE-19B258D65CA7}.Release|ARM.Build.0 = Release|iPhone
		{E472C3E5-AFC0-4D62-86DE-19B258D65CA7}.Release|ARM.Deploy.0 = Release|iPhone
		{E472C3E5-AFC0-4D62-86DE-19B258D65CA7}.Release|iPhone.ActiveCfg = Release|iPhone
		{E472C3E5-AFC0-4D62-86DE-19B258D65CA7}.Release|iPhone.Build.0 = Release|iPhone
		{E472C3E5-AFC0-4D62-86DE-19B258D65CA7}.Release|iPhone.Deploy.0 = Release|iPhone
		{E472C3E5-AFC0-4D62-86DE-19B258D65CA7}.Release|iPhoneSimulator.ActiveCfg = Release|iPhoneSimulator
		{E472C3E5-AFC0-4D62-86DE-19B258D65CA7}.Release|iPhoneSimulator.Build.0 = Release|iPhoneSimulator
		{E472C3E5-AFC0-4D62-86DE-19B258D65CA7}.Release|iPhoneSimulator.Deploy.0 = Release|iPhoneSimulator
		{E472C3E5-AFC0-4D62-86DE-19B258D65CA7}.Release|x64.ActiveCfg = Release|iPhone
		{E472C3E5-AFC0-4D62-86DE-19B258D65CA7}.Release|x64.Build.0 = Release|iPhone
		{E472C3E5-AFC0-4D62-86DE-19B258D65CA7}.Release|x64.Deploy.0 = Release|iPhone
		{E472C3E5-AFC0-4D62-86DE-19B258D65CA7}.Release|x86.ActiveCfg = Release|iPhone
		{E472C3E5-AFC0-4D62-86DE-19B258D65CA7}.Release|x86.Build.0 = Release|iPhone
		{E472C3E5-AFC0-4D62-86DE-19B258D65CA7}.Release|x86.Deploy.0 = Release|iPhone
		{12750479-0054-4CA7-BE5C-50B590FCEF01}.Ad-Hoc|Any CPU.ActiveCfg = Release|x86
		{12750479-0054-4CA7-BE5C-50B590FCEF01}.Ad-Hoc|Any CPU.Build.0 = Release|x86
		{12750479-0054-4CA7-BE5C-50B590FCEF01}.Ad-Hoc|Any CPU.Deploy.0 = Release|x86
		{12750479-0054-4CA7-BE5C-50B590FCEF01}.Ad-Hoc|ARM.ActiveCfg = Release|ARM
		{12750479-0054-4CA7-BE5C-50B590FCEF01}.Ad-Hoc|ARM.Build.0 = Release|ARM
		{12750479-0054-4CA7-BE5C-50B590FCEF01}.Ad-Hoc|ARM.Deploy.0 = Release|ARM
		{12750479-0054-4CA7-BE5C-50B590FCEF01}.Ad-Hoc|iPhone.ActiveCfg = Release|x86
		{12750479-0054-4CA7-BE5C-50B590FCEF01}.Ad-Hoc|iPhone.Build.0 = Release|x86
		{12750479-0054-4CA7-BE5C-50B590FCEF01}.Ad-Hoc|iPhone.Deploy.0 = Release|x86
		{12750479-0054-4CA7-BE5C-50B590FCEF01}.Ad-Hoc|iPhoneSimulator.ActiveCfg = Release|x86
		{12750479-0054-4CA7-BE5C-50B590FCEF01}.Ad-Hoc|iPhoneSimulator.Build.0 = Release|x86
		{12750479-0054-4CA7-BE5C-50B590FCEF01}.Ad-Hoc|iPhoneSimulator.Deploy.0 = Release|x86
		{12750479-0054-4CA7-BE5C-50B590FCEF01}.Ad-Hoc|x64.ActiveCfg = Release|x64
		{12750479-0054-4CA7-BE5C-50B590FCEF01}.Ad-Hoc|x64.Build.0 = Release|x64
		{12750479-0054-4CA7-BE5C-50B590FCEF01}.Ad-Hoc|x64.Deploy.0 = Release|x64
		{12750479-0054-4CA7-BE5C-50B590FCEF01}.Ad-Hoc|x86.ActiveCfg = Release|x86
		{12750479-0054-4CA7-BE5C-50B590FCEF01}.Ad-Hoc|x86.Build.0 = Release|x86
		{12750479-0054-4CA7-BE5C-50B590FCEF01}.Ad-Hoc|x86.Deploy.0 = Release|x86
		{12750479-0054-4CA7-BE5C-50B590FCEF01}.AppStore|Any CPU.ActiveCfg = Release|x86
		{12750479-0054-4CA7-BE5C-50B590FCEF01}.AppStore|Any CPU.Build.0 = Release|x86
		{12750479-0054-4CA7-BE5C-50B590FCEF01}.AppStore|Any CPU.Deploy.0 = Release|x86
		{12750479-0054-4CA7-BE5C-50B590FCEF01}.AppStore|ARM.ActiveCfg = Release|ARM
		{12750479-0054-4CA7-BE5C-50B590FCEF01}.AppStore|ARM.Build.0 = Release|ARM
		{12750479-0054-4CA7-BE5C-50B590FCEF01}.AppStore|ARM.Deploy.0 = Release|ARM
		{12750479-0054-4CA7-BE5C-50B590FCEF01}.AppStore|iPhone.ActiveCfg = Release|x86
		{12750479-0054-4CA7-BE5C-50B590FCEF01}.AppStore|iPhone.Build.0 = Release|x86
		{12750479-0054-4CA7-BE5C-50B590FCEF01}.AppStore|iPhone.Deploy.0 = Release|x86
		{12750479-0054-4CA7-BE5C-50B590FCEF01}.AppStore|iPhoneSimulator.ActiveCfg = Release|x86
		{12750479-0054-4CA7-BE5C-50B590FCEF01}.AppStore|iPhoneSimulator.Build.0 = Release|x86
		{12750479-0054-4CA7-BE5C-50B590FCEF01}.AppStore|iPhoneSimulator.Deploy.0 = Release|x86
		{12750479-0054-4CA7-BE5C-50B590FCEF01}.AppStore|x64.ActiveCfg = Release|x64
		{12750479-0054-4CA7-BE5C-50B590FCEF01}.AppStore|x64.Build.0 = Release|x64
		{12750479-0054-4CA7-BE5C-50B590FCEF01}.AppStore|x64.Deploy.0 = Release|x64
		{12750479-0054-4CA7-BE5C-50B590FCEF01}.AppStore|x86.ActiveCfg = Release|x86
		{12750479-0054-4CA7-BE5C-50B590FCEF01}.AppStore|x86.Build.0 = Release|x86
		{12750479-0054-4CA7-BE5C-50B590FCEF01}.AppStore|x86.Deploy.0 = Release|x86
		{12750479-0054-4CA7-BE5C-50B590FCEF01}.Debug|Any CPU.ActiveCfg = Debug|x86
		{12750479-0054-4CA7-BE5C-50B590FCEF01}.Debug|Any CPU.Build.0 = Debug|x86
		{12750479-0054-4CA7-BE5C-50B590FCEF01}.Debug|ARM.ActiveCfg = Debug|ARM
		{12750479-0054-4CA7-BE5C-50B590FCEF01}.Debug|ARM.Build.0 = Debug|ARM
		{12750479-0054-4CA7-BE5C-50B590FCEF01}.Debug|ARM.Deploy.0 = Debug|ARM
		{12750479-0054-4CA7-BE5C-50B590FCEF01}.Debug|iPhone.ActiveCfg = Debug|x86
		{12750479-0054-4CA7-BE5C-50B590FCEF01}.Debug|iPhone.Build.0 = Debug|x86
		{12750479-0054-4CA7-BE5C-50B590FCEF01}.Debug|iPhone.Deploy.0 = Debug|x86
		{12750479-0054-4CA7-BE5C-50B590FCEF01}.Debug|iPhoneSimulator.ActiveCfg = Debug|x86
		{12750479-0054-4CA7-BE5C-50B590FCEF01}.Debug|iPhoneSimulator.Build.0 = Debug|x86
		{12750479-0054-4CA7-BE5C-50B590FCEF01}.Debug|iPhoneSimulator.Deploy.0 = Debug|x86
		{12750479-0054-4CA7-BE5C-50B590FCEF01}.Debug|x64.ActiveCfg = Debug|x64
		{12750479-0054-4CA7-BE5C-50B590FCEF01}.Debug|x64.Build.0 = Debug|x64
		{12750479-0054-4CA7-BE5C-50B590FCEF01}.Debug|x64.Deploy.0 = Debug|x64
		{12750479-0054-4CA7-BE5C-50B590FCEF01}.Debug|x86.ActiveCfg = Debug|x86
		{12750479-0054-4CA7-BE5C-50B590FCEF01}.Debug|x86.Build.0 = Debug|x86
		{12750479-0054-4CA7-BE5C-50B590FCEF01}.Debug|x86.Deploy.0 = Debug|x86
		{12750479-0054-4CA7-BE5C-50B590FCEF01}.Release|Any CPU.ActiveCfg = Release|x86
		{12750479-0054-4CA7-BE5C-50B590FCEF01}.Release|Any CPU.Build.0 = Release|x86
		{12750479-0054-4CA7-BE5C-50B590FCEF01}.Release|Any CPU.Deploy.0 = Release|x86
		{12750479-0054-4CA7-BE5C-50B590FCEF01}.Release|ARM.ActiveCfg = Release|ARM
		{12750479-0054-4CA7-BE5C-50B590FCEF01}.Release|ARM.Build.0 = Release|ARM
		{12750479-0054-4CA7-BE5C-50B590FCEF01}.Release|ARM.Deploy.0 = Release|ARM
		{12750479-0054-4CA7-BE5C-50B590FCEF01}.Release|iPhone.ActiveCfg = Release|x86
		{12750479-0054-4CA7-BE5C-50B590FCEF01}.Release|iPhone.Build.0 = Release|x86
		{12750479-0054-4CA7-BE5C-50B590FCEF01}.Release|iPhone.Deploy.0 = Release|x86
		{12750479-0054-4CA7-BE5C-50B590FCEF01}.Release|iPhoneSimulator.ActiveCfg = Release|x86
		{12750479-0054-4CA7-BE5C-50B590FCEF01}.Release|iPhoneSimulator.Build.0 = Release|x86
		{12750479-0054-4CA7-BE5C-50B590FCEF01}.Release|iPhoneSimulator.Deploy.0 = Release|x86
		{12750479-0054-4CA7-BE5C-50B590FCEF01}.Release|x64.ActiveCfg = Release|x64
		{12750479-0054-4CA7-BE5C-50B590FCEF01}.Release|x64.Build.0 = Release|x64
		{12750479-0054-4CA7-BE5C-50B590FCEF01}.Release|x64.Deploy.0 = Release|x64
		{12750479-0054-4CA7-BE5C-50B590FCEF01}.Release|x86.ActiveCfg = Release|x86
		{12750479-0054-4CA7-BE5C-50B590FCEF01}.Release|x86.Build.0 = Release|x86
		{12750479-0054-4CA7-BE5C-50B590FCEF01}.Release|x86.Deploy.0 = Release|x86
		{F4B6B688-3DFB-4EA1-A146-7F36C2F64EDC}.Ad-Hoc|Any CPU.ActiveCfg = Debug|Any CPU
		{F4B6B688-3DFB-4EA1-A146-7F36C2F64EDC}.Ad-Hoc|Any CPU.Build.0 = Debug|Any CPU
		{F4B6B688-3DFB-4EA1-A146-7F36C2F64EDC}.Ad-Hoc|Any CPU.Deploy.0 = Debug|Any CPU
		{F4B6B688-3DFB-4EA1-A146-7F36C2F64EDC}.Ad-Hoc|ARM.ActiveCfg = Debug|Any CPU
		{F4B6B688-3DFB-4EA1-A146-7F36C2F64EDC}.Ad-Hoc|ARM.Build.0 = Debug|Any CPU
		{F4B6B688-3DFB-4EA1-A146-7F36C2F64EDC}.Ad-Hoc|ARM.Deploy.0 = Debug|Any CPU
		{F4B6B688-3DFB-4EA1-A146-7F36C2F64EDC}.Ad-Hoc|iPhone.ActiveCfg = Debug|Any CPU
		{F4B6B688-3DFB-4EA1-A146-7F36C2F64EDC}.Ad-Hoc|iPhone.Build.0 = Debug|Any CPU
		{F4B6B688-3DFB-4EA1-A146-7F36C2F64EDC}.Ad-Hoc|iPhone.Deploy.0 = Debug|Any CPU
		{F4B6B688-3DFB-4EA1-A146-7F36C2F64EDC}.Ad-Hoc|iPhoneSimulator.ActiveCfg = Debug|Any CPU
		{F4B6B688-3DFB-4EA1-A146-7F36C2F64EDC}.Ad-Hoc|iPhoneSimulator.Build.0 = Debug|Any CPU
		{F4B6B688-3DFB-4EA1-A146-7F36C2F64EDC}.Ad-Hoc|iPhoneSimulator.Deploy.0 = Debug|Any CPU
		{F4B6B688-3DFB-4EA1-A146-7F36C2F64EDC}.Ad-Hoc|x64.ActiveCfg = Debug|Any CPU
		{F4B6B688-3DFB-4EA1-A146-7F36C2F64EDC}.Ad-Hoc|x64.Build.0 = Debug|Any CPU
		{F4B6B688-3DFB-4EA1-A146-7F36C2F64EDC}.Ad-Hoc|x64.Deploy.0 = Debug|Any CPU
		{F4B6B688-3DFB-4EA1-A146-7F36C2F64EDC}.Ad-Hoc|x86.ActiveCfg = Debug|Any CPU
		{F4B6B688-3DFB-4EA1-A146-7F36C2F64EDC}.Ad-Hoc|x86.Build.0 = Debug|Any CPU
		{F4B6B688-3DFB-4EA1-A146-7F36C2F64EDC}.Ad-Hoc|x86.Deploy.0 = Debug|Any CPU
		{F4B6B688-3DFB-4EA1-A146-7F36C2F64EDC}.AppStore|Any CPU.ActiveCfg = Debug|Any CPU
		{F4B6B688-3DFB-4EA1-A146-7F36C2F64EDC}.AppStore|Any CPU.Build.0 = Debug|Any CPU
		{F4B6B688-3DFB-4EA1-A146-7F36C2F64EDC}.AppStore|Any CPU.Deploy.0 = Debug|Any CPU
		{F4B6B688-3DFB-4EA1-A146-7F36C2F64EDC}.AppStore|ARM.ActiveCfg = Debug|Any CPU
		{F4B6B688-3DFB-4EA1-A146-7F36C2F64EDC}.AppStore|ARM.Build.0 = Debug|Any CPU
		{F4B6B688-3DFB-4EA1-A146-7F36C2F64EDC}.AppStore|ARM.Deploy.0 = Debug|Any CPU
		{F4B6B688-3DFB-4EA1-A146-7F36C2F64EDC}.AppStore|iPhone.ActiveCfg = Debug|Any CPU
		{F4B6B688-3DFB-4EA1-A146-7F36C2F64EDC}.AppStore|iPhone.Build.0 = Debug|Any CPU
		{F4B6B688-3DFB-4EA1-A146-7F36C2F64EDC}.AppStore|iPhone.Deploy.0 = Debug|Any CPU
		{F4B6B688-3DFB-4EA1-A146-7F36C2F64EDC}.AppStore|iPhoneSimulator.ActiveCfg = Debug|Any CPU
		{F4B6B688-3DFB-4EA1-A146-7F36C2F64EDC}.AppStore|iPhoneSimulator.Build.0 = Debug|Any CPU
		{F4B6B688-3DFB-4EA1-A146-7F36C2F64EDC}.AppStore|iPhoneSimulator.Deploy.0 = Debug|Any CPU
		{F4B6B688-3DFB-4EA1-A146-7F36C2F64EDC}.AppStore|x64.ActiveCfg = Debug|Any CPU
		{F4B6B688-3DFB-4EA1-A146-7F36C2F64EDC}.AppStore|x64.Build.0 = Debug|Any CPU
		{F4B6B688-3DFB-4EA1-A146-7F36C2F64EDC}.AppStore|x64.Deploy.0 = Debug|Any CPU
		{F4B6B688-3DFB-4EA1-A146-7F36C2F64EDC}.AppStore|x86.ActiveCfg = Debug|Any CPU
		{F4B6B688-3DFB-4EA1-A146-7F36C2F64EDC}.AppStore|x86.Build.0 = Debug|Any CPU
		{F4B6B688-3DFB-4EA1-A146-7F36C2F64EDC}.AppStore|x86.Deploy.0 = Debug|Any CPU
		{F4B6B688-3DFB-4EA1-A146-7F36C2F64EDC}.Debug|Any CPU.ActiveCfg = Debug|Any CPU
		{F4B6B688-3DFB-4EA1-A146-7F36C2F64EDC}.Debug|Any CPU.Build.0 = Debug|Any CPU
		{F4B6B688-3DFB-4EA1-A146-7F36C2F64EDC}.Debug|Any CPU.Deploy.0 = Debug|Any CPU
		{F4B6B688-3DFB-4EA1-A146-7F36C2F64EDC}.Debug|ARM.ActiveCfg = Debug|Any CPU
		{F4B6B688-3DFB-4EA1-A146-7F36C2F64EDC}.Debug|ARM.Build.0 = Debug|Any CPU
		{F4B6B688-3DFB-4EA1-A146-7F36C2F64EDC}.Debug|ARM.Deploy.0 = Debug|Any CPU
		{F4B6B688-3DFB-4EA1-A146-7F36C2F64EDC}.Debug|iPhone.ActiveCfg = Debug|Any CPU
		{F4B6B688-3DFB-4EA1-A146-7F36C2F64EDC}.Debug|iPhone.Build.0 = Debug|Any CPU
		{F4B6B688-3DFB-4EA1-A146-7F36C2F64EDC}.Debug|iPhone.Deploy.0 = Debug|Any CPU
		{F4B6B688-3DFB-4EA1-A146-7F36C2F64EDC}.Debug|iPhoneSimulator.ActiveCfg = Debug|Any CPU
		{F4B6B688-3DFB-4EA1-A146-7F36C2F64EDC}.Debug|iPhoneSimulator.Build.0 = Debug|Any CPU
		{F4B6B688-3DFB-4EA1-A146-7F36C2F64EDC}.Debug|iPhoneSimulator.Deploy.0 = Debug|Any CPU
		{F4B6B688-3DFB-4EA1-A146-7F36C2F64EDC}.Debug|x64.ActiveCfg = Debug|Any CPU
		{F4B6B688-3DFB-4EA1-A146-7F36C2F64EDC}.Debug|x64.Build.0 = Debug|Any CPU
		{F4B6B688-3DFB-4EA1-A146-7F36C2F64EDC}.Debug|x64.Deploy.0 = Debug|Any CPU
		{F4B6B688-3DFB-4EA1-A146-7F36C2F64EDC}.Debug|x86.ActiveCfg = Debug|Any CPU
		{F4B6B688-3DFB-4EA1-A146-7F36C2F64EDC}.Debug|x86.Build.0 = Debug|Any CPU
		{F4B6B688-3DFB-4EA1-A146-7F36C2F64EDC}.Debug|x86.Deploy.0 = Debug|Any CPU
		{F4B6B688-3DFB-4EA1-A146-7F36C2F64EDC}.Release|Any CPU.ActiveCfg = Release|Any CPU
		{F4B6B688-3DFB-4EA1-A146-7F36C2F64EDC}.Release|Any CPU.Build.0 = Release|Any CPU
		{F4B6B688-3DFB-4EA1-A146-7F36C2F64EDC}.Release|Any CPU.Deploy.0 = Release|Any CPU
		{F4B6B688-3DFB-4EA1-A146-7F36C2F64EDC}.Release|ARM.ActiveCfg = Release|Any CPU
		{F4B6B688-3DFB-4EA1-A146-7F36C2F64EDC}.Release|ARM.Build.0 = Release|Any CPU
		{F4B6B688-3DFB-4EA1-A146-7F36C2F64EDC}.Release|ARM.Deploy.0 = Release|Any CPU
		{F4B6B688-3DFB-4EA1-A146-7F36C2F64EDC}.Release|iPhone.ActiveCfg = Release|Any CPU
		{F4B6B688-3DFB-4EA1-A146-7F36C2F64EDC}.Release|iPhone.Build.0 = Release|Any CPU
		{F4B6B688-3DFB-4EA1-A146-7F36C2F64EDC}.Release|iPhone.Deploy.0 = Release|Any CPU
		{F4B6B688-3DFB-4EA1-A146-7F36C2F64EDC}.Release|iPhoneSimulator.ActiveCfg = Release|Any CPU
		{F4B6B688-3DFB-4EA1-A146-7F36C2F64EDC}.Release|iPhoneSimulator.Build.0 = Release|Any CPU
		{F4B6B688-3DFB-4EA1-A146-7F36C2F64EDC}.Release|iPhoneSimulator.Deploy.0 = Release|Any CPU
		{F4B6B688-3DFB-4EA1-A146-7F36C2F64EDC}.Release|x64.ActiveCfg = Release|Any CPU
		{F4B6B688-3DFB-4EA1-A146-7F36C2F64EDC}.Release|x64.Build.0 = Release|Any CPU
		{F4B6B688-3DFB-4EA1-A146-7F36C2F64EDC}.Release|x64.Deploy.0 = Release|Any CPU
		{F4B6B688-3DFB-4EA1-A146-7F36C2F64EDC}.Release|x86.ActiveCfg = Release|Any CPU
		{F4B6B688-3DFB-4EA1-A146-7F36C2F64EDC}.Release|x86.Build.0 = Release|Any CPU
		{F4B6B688-3DFB-4EA1-A146-7F36C2F64EDC}.Release|x86.Deploy.0 = Release|Any CPU
	EndGlobalSection
	GlobalSection(SolutionProperties) = preSolution
		HideSolutionNode = FALSE
	EndGlobalSection
	GlobalSection(ExtensibilityGlobals) = postSolution
		SolutionGuid = {699AA40C-24D8-4E5B-9078-CF071FE8517C}
	EndGlobalSection
	GlobalSection(TeamFoundationVersionControl) = preSolution
		SccNumberOfProjects = 5
		SccEnterpriseProvider = {4CA58AB2-18FA-4F8D-95D4-32DDF27D184C}
		SccTeamFoundationServer = https://hosting.ca2s.com:8088/tfs/univo
		SccLocalPath0 = .
		SccProjectUniqueName1 = XamPrac\\XamPrac.Android\\XamPrac.Android.csproj
		SccProjectName1 = XamPrac/XamPrac.Android
		SccLocalPath1 = XamPrac\\XamPrac.Android
		SccProjectUniqueName2 = XamPrac\\XamPrac.iOS\\XamPrac.iOS.csproj
		SccProjectName2 = XamPrac/XamPrac.iOS
		SccLocalPath2 = XamPrac\\XamPrac.iOS
		SccProjectUniqueName3 = XamPrac\\XamPrac.UWP\\XamPrac.UWP.csproj
		SccProjectName3 = XamPrac/XamPrac.UWP
		SccLocalPath3 = XamPrac\\XamPrac.UWP
		SccProjectUniqueName4 = XamPrac\\XamPrac\\XamPrac.csproj
		SccProjectName4 = XamPrac/XamPrac
		SccLocalPath4 = XamPrac\\XamPrac
	EndGlobalSection
EndGlobal
